
Microsoft Visual Studio Solution File, Format Version 12.00
# Visual Studio Version 17
VisualStudioVersion = 17.4.33403.182
MinimumVisualStudioVersion = 10.0.40219.1
Project("{FAE04EC0-301F-11D3-BF4B-00C04F79EFBC}") = "TestApiForDockerTest", "TestApiForDockerTest\TestApiForDockerTest.csproj", "{312413AA-70AC-4ABA-9583-9BCFC266B11F}"
EndProject
Global
	GlobalSection(SolutionConfigurationPlatforms) = preSolution
		Debug|Any CPU = Debug|Any CPU
		Release|Any CPU = Release|Any CPU
	EndGlobalSection
	GlobalSection(ProjectConfigurationPlatforms) = postSolution
		{312413AA-70AC-4ABA-9583-9BCFC266B11F}.Debug|Any CPU.ActiveCfg = Debug|Any CPU
		{312413AA-70AC-4ABA-9583-9BCFC266B11F}.Debug|Any CPU.Build.0 = Debug|Any CPU
		{312413AA-70AC-4ABA-9583-9BCFC266B11F}.Release|Any CPU.ActiveCfg = Release|Any CPU
		{312413AA-70AC-4ABA-9583-9BCFC266B11F}.Release|Any CPU.Build.0 = Release|Any CPU
	EndGlobalSection
	GlobalSection(SolutionProperties) = preSolution
		HideSolutionNode = FALSE
	EndGlobalSection
	GlobalSection(ExtensibilityGlobals) = postSolution
		SolutionGuid = {F98DBE79-E809-416A-8087-EE7593B724F8}
	EndGlobalSection
EndGlobal
